
Microsoft Visual Studio Solution File, Format Version 12.00
# Visual Studio 15
VisualStudioVersion = 15.0.26730.12
MinimumVisualStudioVersion = 10.0.40219.1
Project("{FAE04EC0-301F-11D3-BF4B-00C04F79EFBC}") = "KKrReporter", "KKrReporter\KKrReporter.csproj", "{36FF04BE-B1EB-49FE-BD2F-90FF88507728}"
EndProject
Global
	GlobalSection(SolutionConfigurationPlatforms) = preSolution
		Debug|Any CPU = Debug|Any CPU
		Release|Any CPU = Release|Any CPU
	EndGlobalSection
	GlobalSection(ProjectConfigurationPlatforms) = postSolution
		{36FF04BE-B1EB-49FE-BD2F-90FF88507728}.Debug|Any CPU.ActiveCfg = Debug|Any CPU
		{36FF04BE-B1EB-49FE-BD2F-90FF88507728}.Debug|Any CPU.Build.0 = Debug|Any CPU
		{36FF04BE-B1EB-49FE-BD2F-90FF88507728}.Release|Any CPU.ActiveCfg = Release|Any CPU
		{36FF04BE-B1EB-49FE-BD2F-90FF88507728}.Release|Any CPU.Build.0 = Release|Any CPU
	EndGlobalSection
	GlobalSection(SolutionProperties) = preSolution
		HideSolutionNode = FALSE
	EndGlobalSection
	GlobalSection(ExtensibilityGlobals) = postSolution
		SolutionGuid = {E545EEF8-F8FB-47D9-9475-24C78250B682}
	EndGlobalSection
EndGlobal
